// !$*UTF8*$!
{
	archiveVersion = 1;
	classes = {
	};
	objectVersion = 77;
	objects = {

/* Begin PBXContainerItemProxy section */
		DC67E0D92F477BAB008BD0B7 /* PBXContainerItemProxy */ = {
			isa = PBXContainerItemProxy;
			containerPortal = DC67E0C12F477BA8008BD0B7 /* Project object */;
			proxyType = 1;
			remoteGlobalIDString = DC67E0C82F477BA8008BD0B7;
			remoteInfo = FridgeManager;
		};
		DC67E0E32F477BAB008BD0B7 /* PBXContainerItemProxy */ = {
			isa = PBXContainerItemProxy;
			containerPortal = DC67E0C12F477BA8008BD0B7 /* Project object */;
			proxyType = 1;
			remoteGlobalIDString = DC67E0C82F477BA8008BD0B7;
			remoteInfo = FridgeManager;
		};
/* End PBXContainerItemProxy section */

/* Begin PBXFileReference section */
		DC67E0C92F477BA8008BD0B7 /* FridgeManager.app */ = {isa = PBXFileReference; explicitFileType = wrapper.application; includeInIndex = 0; path = FridgeManager.app; sourceTree = BUILT_PRODUCTS_DIR; };
		DC67E0D82F477BAB008BD0B7 /* FridgeManagerTests.xctest */ = {isa = PBXFileReference; explicitFileType = wrapper.cfbundle; includeInIndex = 0; path = FridgeManagerTests.xctest; sourceTree = BUILT_PRODUCTS_DIR; };
		DC67E0E22F477BAB008BD0B7 /* FridgeManagerUITests.xctest */ = {isa = PBXFileReference; explicitFileType = wrapper.cfbundle; includeInIndex = 0; path = FridgeManagerUITests.xctest; sourceTree = BUILT_PRODUCTS_DIR; };
/* End PBXFileReference section */

/* Begin PBXFileSystemSynchronizedRootGroup section */
		DC67E0CB2F477BA8008BD0B7 /* FridgeManager */ = {
			isa = PBXFileSystemSynchronizedRootGroup;
			path = FridgeManager;
			sourceTree = "<group>";
		};
		DC67E0DB2F477BAB008BD0B7 /* FridgeManagerTests */ = {
			isa = PBXFileSystemSynchronizedRootGroup;
			path = FridgeManagerTests;
			sourceTree = "<group>";
		};
		DC67E0E52F477BAB008BD0B7 /* FridgeManagerUITests */ = {
			isa = PBXFileSystemSynchronizedRootGroup;
			path = FridgeManagerUITests;
			sourceTree = "<group>";
		};
/* End PBXFileSystemSynchronizedRootGroup section */

/* Begin PBXFrameworksBuildPhase section */
		DC67E0C62F477BA8008BD0B7 /* Frameworks */ = {
			isa = PBXFrameworksBuildPhase;
			buildActionMask = 2147483647;
			files = (
			);
			runOnlyForDeploymentPostprocessing = 0;
		};
		DC67E0D52F477BAB008BD0B7 /* Frameworks */ = {
			isa = PBXFrameworksBuildPhase;
			buildActionMask = 2147483647;
			files = (
			);
			runOnlyForDeploymentPostprocessing = 0;
		};
		DC67E0DF2F477BAB008BD0B7 /* Frameworks */ = {
			isa = PBXFrameworksBuildPhase;
			buildActionMask = 2147483647;
			files = (
			);
			runOnlyForDeploymentPostprocessing = 0;
		};
/* End PBXFrameworksBuildPhase section */

/* Begin PBXGroup section */
		DC67E0C02F477BA8008BD0B7 = {
			isa = PBXGroup;
			children = (
				DC67E0CB2F477BA8008BD0B7 /* FridgeManager */,
				DC67E0DB2F477BAB008BD0B7 /* FridgeManagerTests */,
				DC67E0E52F477BAB008BD0B7 /* FridgeManagerUITests */,
				DC67E0CA2F477BA8008BD0B7 /* Products */,
			);
			sourceTree = "<group>";
		};
		DC67E0CA2F477BA8008BD0B7 /* Products */ = {
			isa = PBXGroup;
			children = (
				DC67E0C92F477BA8008BD0B7 /* FridgeManager.app */,
				DC67E0D82F477BAB008BD0B7 /* FridgeManagerTests.xctest */,
				DC67E0E22F477BAB008BD0B7 /* FridgeManagerUITests.xctest */,
			);
			name = Products;
			sourceTree = "<group>";
		};
/* End PBXGroup section */

/* Begin PBXNativeTarget section */
		DC67E0C82F477BA8008BD0B7 /* FridgeManager */ = {
			isa = PBXNativeTarget;
			buildConfigurationList = DC67E0EC2F477BAB008BD0B7 /* Build configuration list for PBXNativeTarget "FridgeManager" */;
			buildPhases = (
				DC67E0C52F477BA8008BD0B7 /* Sources */,
				DC67E0C62F477BA8008BD0B7 /* Frameworks */,
				DC67E1A12F477BA8008BD0B7 /* Regenerate App Icons */,
				DC67E0C72F477BA8008BD0B7 /* Resources */,
			);
			buildRules = (
			);
			dependencies = (
			);
			fileSystemSynchronizedGroups = (
				DC67E0CB2F477BA8008BD0B7 /* FridgeManager */,
			);
			name = FridgeManager;
			packageProductDependencies = (
			);
			productName = FridgeManager;
			productReference = DC67E0C92F477BA8008BD0B7 /* FridgeManager.app */;
			productType = "com.apple.product-type.application";
		};
		DC67E0D72F477BAB008BD0B7 /* FridgeManagerTests */ = {
			isa = PBXNativeTarget;
			buildConfigurationList = DC67E0EF2F477BAB008BD0B7 /* Build configuration list for PBXNativeTarget "FridgeManagerTests" */;
			buildPhases = (
				DC67E0D42F477BAB008BD0B7 /* Sources */,
				DC67E0D52F477BAB008BD0B7 /* Frameworks */,
				DC67E0D62F477BAB008BD0B7 /* Resources */,
			);
			buildRules = (
			);
			dependencies = (
				DC67E0DA2F477BAB008BD0B7 /* PBXTargetDependency */,
			);
			fileSystemSynchronizedGroups = (
				DC67E0DB2F477BAB008BD0B7 /* FridgeManagerTests */,
			);
			name = FridgeManagerTests;
			packageProductDependencies = (
			);
			productName = FridgeManagerTests;
			productReference = DC67E0D82F477BAB008BD0B7 /* FridgeManagerTests.xctest */;
			productType = "com.apple.product-type.bundle.unit-test";
		};
		DC67E0E12F477BAB008BD0B7 /* FridgeManagerUITests */ = {
			isa = PBXNativeTarget;
			buildConfigurationList = DC67E0F22F477BAB008BD0B7 /* Build configuration list for PBXNativeTarget "FridgeManagerUITests" */;
			buildPhases = (
				DC67E0DE2F477BAB008BD0B7 /* Sources */,
				DC67E0DF2F477BAB008BD0B7 /* Frameworks */,
				DC67E0E02F477BAB008BD0B7 /* Resources */,
			);
			buildRules = (
			);
			dependencies = (
				DC67E0E42F477BAB008BD0B7 /* PBXTargetDependency */,
			);
			fileSystemSynchronizedGroups = (
				DC67E0E52F477BAB008BD0B7 /* FridgeManagerUITests */,
			);
			name = FridgeManagerUITests;
			packageProductDependencies = (
			);
			productName = FridgeManagerUITests;
			productReference = DC67E0E22F477BAB008BD0B7 /* FridgeManagerUITests.xctest */;
			productType = "com.apple.product-type.bundle.ui-testing";
		};
/* End PBXNativeTarget section */

/* Begin PBXProject section */
		DC67E0C12F477BA8008BD0B7 /* Project object */ = {
			isa = PBXProject;
			attributes = {
				BuildIndependentTargetsInParallel = 1;
				LastSwiftUpdateCheck = 2620;
				LastUpgradeCheck = 2620;
				TargetAttributes = {
					DC67E0C82F477BA8008BD0B7 = {
						CreatedOnToolsVersion = 26.2;
					};
					DC67E0D72F477BAB008BD0B7 = {
						CreatedOnToolsVersion = 26.2;
						TestTargetID = DC67E0C82F477BA8008BD0B7;
					};
					DC67E0E12F477BAB008BD0B7 = {
						CreatedOnToolsVersion = 26.2;
						TestTargetID = DC67E0C82F477BA8008BD0B7;
					};
				};
			};
			buildConfigurationList = DC67E0C42F477BA8008BD0B7 /* Build configuration list for PBXProject "FridgeManager" */;
			developmentRegion = en;
			hasScannedForEncodings = 0;
			knownRegions = (
				en,
				Base,
			);
			mainGroup = DC67E0C02F477BA8008BD0B7;
			minimizedProjectReferenceProxies = 1;
			preferredProjectObjectVersion = 77;
			productRefGroup = DC67E0CA2F477BA8008BD0B7 /* Products */;
			projectDirPath = "";
			projectRoot = "";
			targets = (
				DC67E0C82F477BA8008BD0B7 /* FridgeManager */,
				DC67E0D72F477BAB008BD0B7 /* FridgeManagerTests */,
				DC67E0E12F477BAB008BD0B7 /* FridgeManagerUITests */,
			);
		};
/* End PBXProject section */

/* Begin PBXResourcesBuildPhase section */
		DC67E0C72F477BA8008BD0B7 /* Resources */ = {
			isa = PBXResourcesBuildPhase;
			buildActionMask = 2147483647;
			files = (
			);
			runOnlyForDeploymentPostprocessing = 0;
		};
		DC67E0D62F477BAB008BD0B7 /* Resources */ = {
			isa = PBXResourcesBuildPhase;
			buildActionMask = 2147483647;
			files = (
			);
			runOnlyForDeploymentPostprocessing = 0;
		};
		DC67E0E02F477BAB008BD0B7 /* Resources */ = {
			isa = PBXResourcesBuildPhase;
			buildActionMask = 2147483647;
			files = (
			);
			runOnlyForDeploymentPostprocessing = 0;
		};
/* End PBXResourcesBuildPhase section */

/* Begin PBXShellScriptBuildPhase section */
		DC67E1A12F477BA8008BD0B7 /* Regenerate App Icons */ = {
			isa = PBXShellScriptBuildPhase;
			buildActionMask = 2147483647;
			files = (
			);
			inputPaths = (
			);
			name = "Regenerate App Icons";
			outputPaths = (
			);
			runOnlyForDeploymentPostprocessing = 0;
			shellPath = /bin/sh;
			shellScript = "if [ \"${REGENERATE_APP_ICONS:-0}\" = \"1\" ]; then \n    if [ -x \"${PROJECT_DIR}/tools/regenerate_icons.sh\" ]; then \"${PROJECT_DIR}/tools/regenerate_icons.sh\"; fi\nfi";
		};
/* End PBXShellScriptBuildPhase section */

/* Begin PBXSourcesBuildPhase section */
		DC67E0C52F477BA8008BD0B7 /* Sources */ = {
			isa = PBXSourcesBuildPhase;
			buildActionMask = 2147483647;
			files = (
			);
			runOnlyForDeploymentPostprocessing = 0;
		};
		DC67E0D42F477BAB008BD0B7 /* Sources */ = {
			isa = PBXSourcesBuildPhase;
			buildActionMask = 2147483647;
			files = (
			);
			runOnlyForDeploymentPostprocessing = 0;
		};
		DC67E0DE2F477BAB008BD0B7 /* Sources */ = {
			isa = PBXSourcesBuildPhase;
			buildActionMask = 2147483647;
			files = (
			);
			runOnlyForDeploymentPostprocessing = 0;
		};
/* End PBXSourcesBuildPhase section */

/* Begin PBXTargetDependency section */
		DC67E0DA2F477BAB008BD0B7 /* PBXTargetDependency */ = {
			isa = PBXTargetDependency;
			target = DC67E0C82F477BA8008BD0B7 /* FridgeManager */;
			targetProxy = DC67E0D92F477BAB008BD0B7 /* PBXContainerItemProxy */;
		};
		DC67E0E42F477BAB008BD0B7 /* PBXTargetDependency */ = {
			isa = PBXTargetDependency;
			target = DC67E0C82F477BA8008BD0B7 /* FridgeManager */;
			targetProxy = DC67E0E32F477BAB008BD0B7 /* PBXContainerItemProxy */;
		};
/* End PBXTargetDependency section */

/* Begin XCBuildConfiguration section */
		DC67E0EA2F477BAB008BD0B7 /* Debug */ = {
			isa = XCBuildConfiguration;
			buildSettings = {
				ALWAYS_SEARCH_USER_PATHS = NO;
				ASSETCATALOG_COMPILER_GENERATE_SWIFT_ASSET_SYMBOL_EXTENSIONS = YES;
				CLANG_ANALYZER_NONNULL = YES;
				CLANG_ANALYZER_NUMBER_OBJECT_CONVERSION = YES_AGGRESSIVE;
				CLANG_CXX_LANGUAGE_STANDARD = "gnu++20";
				CLANG_ENABLE_MODULES = YES;
				CLANG_ENABLE_OBJC_ARC = YES;
				CLANG_ENABLE_OBJC_WEAK = YES;
				CLANG_WARN_BLOCK_CAPTURE_AUTORELEASING = YES;
				CLANG_WARN_BOOL_CONVERSION = YES;
				CLANG_WARN_COMMA = YES;
				CLANG_WARN_CONSTANT_CONVERSION = YES;
				CLANG_WARN_DEPRECATED_OBJC_IMPLEMENTATIONS = YES;
				CLANG_WARN_DIRECT_OBJC_ISA_USAGE = YES_ERROR;
				CLANG_WARN_DOCUMENTATION_COMMENTS = YES;
				CLANG_WARN_EMPTY_BODY = YES;
				CLANG_WARN_ENUM_CONVERSION = YES;
				CLANG_WARN_INFINITE_RECURSION = YES;
				CLANG_WARN_INT_CONVERSION = YES;
				CLANG_WARN_NON_LITERAL_NULL_CONVERSION = YES;
				CLANG_WARN_OBJC_IMPLICIT_RETAIN_SELF = YES;
				CLANG_WARN_OBJC_LITERAL_CONVERSION = YES;
				CLANG_WARN_OBJC_ROOT_CLASS = YES_ERROR;
				CLANG_WARN_QUOTED_INCLUDE_IN_FRAMEWORK_HEADER = YES;
				CLANG_WARN_RANGE_LOOP_ANALYSIS = YES;
				CLANG_WARN_STRICT_PROTOTYPES = YES;
				CLANG_WARN_SUSPICIOUS_MOVE = YES;
				CLANG_WARN_UNGUARDED_AVAILABILITY = YES_AGGRESSIVE;
				CLANG_WARN_UNREACHABLE_CODE = YES;
				CLANG_WARN__DUPLICATE_METHOD_MATCH = YES;
				COPY_PHASE_STRIP = NO;
				DEBUG_INFORMATION_FORMAT = dwarf;
				DEVELOPMENT_TEAM = 22L5CCVC3A;
				ENABLE_STRICT_OBJC_MSGSEND = YES;
				ENABLE_TESTABILITY = YES;
				ENABLE_USER_SCRIPT_SANDBOXING = YES;
				GCC_C_LANGUAGE_STANDARD = gnu17;
				GCC_DYNAMIC_NO_PIC = NO;
				GCC_NO_COMMON_BLOCKS = YES;
				GCC_OPTIMIZATION_LEVEL = 0;
				GCC_PREPROCESSOR_DEFINITIONS = (
					"DEBUG=1",
					"$(inherited)",
				);
				GCC_WARN_64_TO_32_BIT_CONVERSION = YES;
				GCC_WARN_ABOUT_RETURN_TYPE = YES_ERROR;
				GCC_WARN_UNDECLARED_SELECTOR = YES;
				GCC_WARN_UNINITIALIZED_AUTOS = YES_AGGRESSIVE;
				GCC_WARN_UNUSED_FUNCTION = YES;
				GCC_WARN_UNUSED_VARIABLE = YES;
				IPHONEOS_DEPLOYMENT_TARGET = 26.2;
				LOCALIZATION_PREFERS_STRING_CATALOGS = YES;
				MTL_ENABLE_DEBUG_INFO = INCLUDE_SOURCE;
				MTL_FAST_MATH = YES;
				ONLY_ACTIVE_ARCH = YES;
				SDKROOT = iphoneos;
				SWIFT_ACTIVE_COMPILATION_CONDITIONS = "DEBUG $(inherited)";
				SWIFT_OPTIMIZATION_LEVEL = "-Onone";
			};
			name = Debug;
		};
		DC67E0EB2F477BAB008BD0B7 /* Release */ = {
			isa = XCBuildConfiguration;
			buildSettings = {
				ALWAYS_SEARCH_USER_PATHS = NO;
				ASSETCATALOG_COMPILER_GENERATE_SWIFT_ASSET_SYMBOL_EXTENSIONS = YES;
				CLANG_ANALYZER_NONNULL = YES;
				CLANG_ANALYZER_NUMBER_OBJECT_CONVERSION = YES_AGGRESSIVE;
				CLANG_CXX_LANGUAGE_STANDARD = "gnu++20";
				CLANG_ENABLE_MODULES = YES;
				CLANG_ENABLE_OBJC_ARC = YES;
				CLANG_ENABLE_OBJC_WEAK = YES;
				CLANG_WARN_BLOCK_CAPTURE_AUTORELEASING = YES;
				CLANG_WARN_BOOL_CONVERSION = YES;
				CLANG_WARN_COMMA = YES;
				CLANG_WARN_CONSTANT_CONVERSION = YES;
				CLANG_WARN_DEPRECATED_OBJC_IMPLEMENTATIONS = YES;
				CLANG_WARN_DIRECT_OBJC_ISA_USAGE = YES_ERROR;
				CLANG_WARN_DOCUMENTATION_COMMENTS = YES;
				CLANG_WARN_EMPTY_BODY = YES;
				CLANG_WARN_ENUM_CONVERSION = YES;
				CLANG_WARN_INFINITE_RECURSION = YES;
				CLANG_WARN_INT_CONVERSION = YES;
				CLANG_WARN_NON_LITERAL_NULL_CONVERSION = YES;
				CLANG_WARN_OBJC_IMPLICIT_RETAIN_SELF = YES;
				CLANG_WARN_OBJC_LITERAL_CONVERSION = YES;
				CLANG_WARN_OBJC_ROOT_CLASS = YES_ERROR;
				CLANG_WARN_QUOTED_INCLUDE_IN_FRAMEWORK_HEADER = YES;
				CLANG_WARN_RANGE_LOOP_ANALYSIS = YES;
				CLANG_WARN_STRICT_PROTOTYPES = YES;
				CLANG_WARN_SUSPICIOUS_MOVE = YES;
				CLANG_WARN_UNGUARDED_AVAILABILITY = YES_AGGRESSIVE;
				CLANG_WARN_UNREACHABLE_CODE = YES;
				CLANG_WARN__DUPLICATE_METHOD_MATCH = YES;
				COPY_PHASE_STRIP = NO;
				DEBUG_INFORMATION_FORMAT = "dwarf-with-dsym";
				DEVELOPMENT_TEAM = 22L5CCVC3A;
				ENABLE_NS_ASSERTIONS = NO;
				ENABLE_STRICT_OBJC_MSGSEND = YES;
				ENABLE_USER_SCRIPT_SANDBOXING = YES;
				GCC_C_LANGUAGE_STANDARD = gnu17;
				GCC_NO_COMMON_BLOCKS = YES;
				GCC_WARN_64_TO_32_BIT_CONVERSION = YES;
				GCC_WARN_ABOUT_RETURN_TYPE = YES_ERROR;
				GCC_WARN_UNDECLARED_SELECTOR = YES;
				GCC_WARN_UNINITIALIZED_AUTOS = YES_AGGRESSIVE;
				GCC_WARN_UNUSED_FUNCTION = YES;
				GCC_WARN_UNUSED_VARIABLE = YES;
				IPHONEOS_DEPLOYMENT_TARGET = 26.2;
				LOCALIZATION_PREFERS_STRING_CATALOGS = YES;
				MTL_ENABLE_DEBUG_INFO = NO;
				MTL_FAST_MATH = YES;
				SDKROOT = iphoneos;
				SWIFT_COMPILATION_MODE = wholemodule;
				VALIDATE_PRODUCT = YES;
			};
			name = Release;
		};
		DC67E0ED2F477BAB008BD0B7 /* Debug */ = {
			isa = XCBuildConfiguration;
			buildSettings = {
				ASSETCATALOG_COMPILER_APPICON_NAME = AppIcon;
				ASSETCATALOG_COMPILER_GLOBAL_ACCENT_COLOR_NAME = AccentColor;
				CODE_SIGN_STYLE = Automatic;
				CURRENT_PROJECT_VERSION = 1;
				DEVELOPMENT_TEAM = 22L5CCVC3A;
				ENABLE_PREVIEWS = YES;
				GENERATE_INFOPLIST_FILE = YES;
				INFOPLIST_KEY_UIApplicationSceneManifest_Generation = YES;
				INFOPLIST_KEY_UIApplicationSupportsIndirectInputEvents = YES;
				INFOPLIST_KEY_UILaunchScreen_Generation = YES;
				INFOPLIST_KEY_UISupportedInterfaceOrientations_iPad = "UIInterfaceOrientationPortrait UIInterfaceOrientationPortraitUpsideDown UIInterfaceOrientationLandscapeLeft UIInterfaceOrientationLandscapeRight";
				INFOPLIST_KEY_UISupportedInterfaceOrientations_iPhone = "UIInterfaceOrientationPortrait UIInterfaceOrientationLandscapeLeft UIInterfaceOrientationLandscapeRight";
				LD_RUNPATH_SEARCH_PATHS = (
					"$(inherited)",
					"@executable_path/Frameworks",
				);
				MARKETING_VERSION = 1.0;
				PRODUCT_BUNDLE_IDENTIFIER = be.razor.FridgeManager;
				PRODUCT_NAME = "$(TARGET_NAME)";
				STRING_CATALOG_GENERATE_SYMBOLS = YES;
				SWIFT_APPROACHABLE_CONCURRENCY = YES;
				SWIFT_DEFAULT_ACTOR_ISOLATION = MainActor;
				SWIFT_EMIT_LOC_STRINGS = YES;
				SWIFT_UPCOMING_FEATURE_MEMBER_IMPORT_VISIBILITY = YES;
				SWIFT_VERSION = 5.0;
				TARGETED_DEVICE_FAMILY = "1,2";
			};
			name = Debug;
		};
		DC67E0EE2F477BAB008BD0B7 /* Release */ = {
			isa = XCBuildConfiguration;
			buildSettings = {
				ASSETCATALOG_COMPILER_APPICON_NAME = AppIcon;
				ASSETCATALOG_COMPILER_GLOBAL_ACCENT_COLOR_NAME = AccentColor;
				CODE_SIGN_STYLE = Automatic;
				CURRENT_PROJECT_VERSION = 1;
				DEVELOPMENT_TEAM = 22L5CCVC3A;
				ENABLE_PREVIEWS = YES;
				GENERATE_INFOPLIST_FILE = YES;
				INFOPLIST_KEY_UIApplicationSceneManifest_Generation = YES;
				INFOPLIST_KEY_UIApplicationSupportsIndirectInputEvents = YES;
				INFOPLIST_KEY_UILaunchScreen_Generation = YES;
				INFOPLIST_KEY_UISupportedInterfaceOrientations_iPad = "UIInterfaceOrientationPortrait UIInterfaceOrientationPortraitUpsideDown UIInterfaceOrientationLandscapeLeft UIInterfaceOrientationLandscapeRight";
				INFOPLIST_KEY_UISupportedInterfaceOrientations_iPhone = "UIInterfaceOrientationPortrait UIInterfaceOrientationLandscapeLeft UIInterfaceOrientationLandscapeRight";
				LD_RUNPATH_SEARCH_PATHS = (
					"$(inherited)",
					"@executable_path/Frameworks",
				);
				MARKETING_VERSION = 1.0;
				PRODUCT_BUNDLE_IDENTIFIER = be.razor.FridgeManager;
				PRODUCT_NAME = "$(TARGET_NAME)";
				STRING_CATALOG_GENERATE_SYMBOLS = YES;
				SWIFT_APPROACHABLE_CONCURRENCY = YES;
				SWIFT_DEFAULT_ACTOR_ISOLATION = MainActor;
				SWIFT_EMIT_LOC_STRINGS = YES;
				SWIFT_UPCOMING_FEATURE_MEMBER_IMPORT_VISIBILITY = YES;
				SWIFT_VERSION = 5.0;
				TARGETED_DEVICE_FAMILY = "1,2";
			};
			name = Release;
		};
		DC67E0F02F477BAB008BD0B7 /* Debug */ = {
			isa = XCBuildConfiguration;
			buildSettings = {
				BUNDLE_LOADER = "$(TEST_HOST)";
				CODE_SIGN_STYLE = Automatic;
				CURRENT_PROJECT_VERSION = 1;
				DEVELOPMENT_TEAM = 22L5CCVC3A;
				GENERATE_INFOPLIST_FILE = YES;
				IPHONEOS_DEPLOYMENT_TARGET = 26.2;
				MARKETING_VERSION = 1.0;
				PRODUCT_BUNDLE_IDENTIFIER = be.razor.FridgeManagerTests;
				PRODUCT_NAME = "$(TARGET_NAME)";
				STRING_CATALOG_GENERATE_SYMBOLS = NO;
				SWIFT_APPROACHABLE_CONCURRENCY = YES;
				SWIFT_EMIT_LOC_STRINGS = NO;
				SWIFT_UPCOMING_FEATURE_MEMBER_IMPORT_VISIBILITY = YES;
				SWIFT_VERSION = 5.0;
				TARGETED_DEVICE_FAMILY = "1,2";
				TEST_HOST = "$(BUILT_PRODUCTS_DIR)/FridgeManager.app/$(BUNDLE_EXECUTABLE_FOLDER_PATH)/FridgeManager";
			};
			name = Debug;
		};
		DC67E0F12F477BAB008BD0B7 /* Release */ = {
			isa = XCBuildConfiguration;
			buildSettings = {
				BUNDLE_LOADER = "$(TEST_HOST)";
				CODE_SIGN_STYLE = Automatic;
				CURRENT_PROJECT_VERSION = 1;
				DEVELOPMENT_TEAM = 22L5CCVC3A;
				GENERATE_INFOPLIST_FILE = YES;
				IPHONEOS_DEPLOYMENT_TARGET = 26.2;
				MARKETING_VERSION = 1.0;
				PRODUCT_BUNDLE_IDENTIFIER = be.razor.FridgeManagerTests;
				PRODUCT_NAME = "$(TARGET_NAME)";
				STRING_CATALOG_GENERATE_SYMBOLS = NO;
				SWIFT_APPROACHABLE_CONCURRENCY = YES;
				SWIFT_EMIT_LOC_STRINGS = NO;
				SWIFT_UPCOMING_FEATURE_MEMBER_IMPORT_VISIBILITY = YES;
				SWIFT_VERSION = 5.0;
				TARGETED_DEVICE_FAMILY = "1,2";
				TEST_HOST = "$(BUILT_PRODUCTS_DIR)/FridgeManager.app/$(BUNDLE_EXECUTABLE_FOLDER_PATH)/FridgeManager";
			};
			name = Release;
		};
		DC67E0F32F477BAB008BD0B7 /* Debug */ = {
			isa = XCBuildConfiguration;
			buildSettings = {
				CODE_SIGN_STYLE = Automatic;
				CURRENT_PROJECT_VERSION = 1;
				DEVELOPMENT_TEAM = 22L5CCVC3A;
				GENERATE_INFOPLIST_FILE = YES;
				MARKETING_VERSION = 1.0;
				PRODUCT_BUNDLE_IDENTIFIER = be.razor.FridgeManagerUITests;
				PRODUCT_NAME = "$(TARGET_NAME)";
				STRING_CATALOG_GENERATE_SYMBOLS = NO;
				SWIFT_APPROACHABLE_CONCURRENCY = YES;
				SWIFT_EMIT_LOC_STRINGS = NO;
				SWIFT_UPCOMING_FEATURE_MEMBER_IMPORT_VISIBILITY = YES;
				SWIFT_VERSION = 5.0;
				TARGETED_DEVICE_FAMILY = "1,2";
				TEST_TARGET_NAME = FridgeManager;
			};
			name = Debug;
		};
		DC67E0F42F477BAB008BD0B7 /* Release */ = {
			isa = XCBuildConfiguration;
			buildSettings = {
				CODE_SIGN_STYLE = Automatic;
				CURRENT_PROJECT_VERSION = 1;
				DEVELOPMENT_TEAM = 22L5CCVC3A;
				GENERATE_INFOPLIST_FILE = YES;
				MARKETING_VERSION = 1.0;
				PRODUCT_BUNDLE_IDENTIFIER = be.razor.FridgeManagerUITests;
				PRODUCT_NAME = "$(TARGET_NAME)";
				STRING_CATALOG_GENERATE_SYMBOLS = NO;
				SWIFT_APPROACHABLE_CONCURRENCY = YES;
				SWIFT_EMIT_LOC_STRINGS = NO;
				SWIFT_UPCOMING_FEATURE_MEMBER_IMPORT_VISIBILITY = YES;
				SWIFT_VERSION = 5.0;
				TARGETED_DEVICE_FAMILY = "1,2";
				TEST_TARGET_NAME = FridgeManager;
			};
			name = Release;
		};
/* End XCBuildConfiguration section */

/* Begin XCConfigurationList section */
		DC67E0C42F477BA8008BD0B7 /* Build configuration list for PBXProject "FridgeManager" */ = {
			isa = XCConfigurationList;
			buildConfigurations = (
				DC67E0EA2F477BAB008BD0B7 /* Debug */,
				DC67E0EB2F477BAB008BD0B7 /* Release */,
			);
			defaultConfigurationIsVisible = 0;
			defaultConfigurationName = Release;
		};
		DC67E0EC2F477BAB008BD0B7 /* Build configuration list for PBXNativeTarget "FridgeManager" */ = {
			isa = XCConfigurationList;
			buildConfigurations = (
				DC67E0ED2F477BAB008BD0B7 /* Debug */,
				DC67E0EE2F477BAB008BD0B7 /* Release */,
			);
			defaultConfigurationIsVisible = 0;
			defaultConfigurationName = Release;
		};
		DC67E0EF2F477BAB008BD0B7 /* Build configuration list for PBXNativeTarget "FridgeManagerTests" */ = {
			isa = XCConfigurationList;
			buildConfigurations = (
				DC67E0F02F477BAB008BD0B7 /* Debug */,
				DC67E0F12F477BAB008BD0B7 /* Release */,
			);
			defaultConfigurationIsVisible = 0;
			defaultConfigurationName = Release;
		};
		DC67E0F22F477BAB008BD0B7 /* Build configuration list for PBXNativeTarget "FridgeManagerUITests" */ = {
			isa = XCConfigurationList;
			buildConfigurations = (
				DC67E0F32F477BAB008BD0B7 /* Debug */,
				DC67E0F42F477BAB008BD0B7 /* Release */,
			);
			defaultConfigurationIsVisible = 0;
			defaultConfigurationName = Release;
		};
/* End XCConfigurationList section */
	};
	rootObject = DC67E0C12F477BA8008BD0B7 /* Project object */;
}
